// !$*UTF8*$!
{
	archiveVersion = 1;
	classes = {
	};
	objectVersion = 56;
	objects = {

/* Begin PBXBuildFile section */
		7AC779AA2ABCA77200104935 /* MyFishApp.swift in Sources */ = {isa = PBXBuildFile; fileRef = 7AC779A92ABCA77200104935 /* MyFishApp.swift */; };
		7AC779AC2ABCA77200104935 /* FishListView.swift in Sources */ = {isa = PBXBuildFile; fileRef = 7AC779AB2ABCA77200104935 /* FishListView.swift */; };
		7AC779AE2ABCA77400104935 /* Assets.xcassets in Resources */ = {isa = PBXBuildFile; fileRef = 7AC779AD2ABCA77400104935 /* Assets.xcassets */; };
		7AC779B12ABCA77400104935 /* Preview Assets.xcassets in Resources */ = {isa = PBXBuildFile; fileRef = 7AC779B02ABCA77400104935 /* Preview Assets.xcassets */; };
		7AC779BA2ABCA91D00104935 /* ComposableArchitecture in Frameworks */ = {isa = PBXBuildFile; productRef = 7AC779B92ABCA91D00104935 /* ComposableArchitecture */; };
		7AC779BC2ABCB14200104935 /* Models.swift in Sources */ = {isa = PBXBuildFile; fileRef = 7AC779BB2ABCB14200104935 /* Models.swift */; };
		7AC779BE2ABF4FD300104935 /* FishCardView.swift in Sources */ = {isa = PBXBuildFile; fileRef = 7AC779BD2ABF4FD300104935 /* FishCardView.swift */; };
/* End PBXBuildFile section */

/* Begin PBXFileReference section */
		7AC779A62ABCA77200104935 /* MyFish.app */ = {isa = PBXFileReference; explicitFileType = wrapper.application; includeInIndex = 0; path = MyFish.app; sourceTree = BUILT_PRODUCTS_DIR; };
		7AC779A92ABCA77200104935 /* MyFishApp.swift */ = {isa = PBXFileReference; lastKnownFileType = sourcecode.swift; path = MyFishApp.swift; sourceTree = "<group>"; };
		7AC779AB2ABCA77200104935 /* FishListView.swift */ = {isa = PBXFileReference; lastKnownFileType = sourcecode.swift; path = FishListView.swift; sourceTree = "<group>"; };
		7AC779AD2ABCA77400104935 /* Assets.xcassets */ = {isa = PBXFileReference; lastKnownFileType = folder.assetcatalog; path = Assets.xcassets; sourceTree = "<group>"; };
		7AC779B02ABCA77400104935 /* Preview Assets.xcassets */ = {isa = PBXFileReference; lastKnownFileType = folder.assetcatalog; path = "Preview Assets.xcassets"; sourceTree = "<group>"; };
		7AC779B22ABCA77400104935 /* MyFish.entitlements */ = {isa = PBXFileReference; lastKnownFileType = text.plist.entitlements; path = MyFish.entitlements; sourceTree = "<group>"; };
		7AC779BB2ABCB14200104935 /* Models.swift */ = {isa = PBXFileReference; lastKnownFileType = sourcecode.swift; path = Models.swift; sourceTree = "<group>"; };
		7AC779BD2ABF4FD300104935 /* FishCardView.swift */ = {isa = PBXFileReference; lastKnownFileType = sourcecode.swift; path = FishCardView.swift; sourceTree = "<group>"; };
/* End PBXFileReference section */

/* Begin PBXFrameworksBuildPhase section */
		7AC779A32ABCA77200104935 /* Frameworks */ = {
			isa = PBXFrameworksBuildPhase;
			buildActionMask = 2147483647;
			files = (
				7AC779BA2ABCA91D00104935 /* ComposableArchitecture in Frameworks */,
			);
			runOnlyForDeploymentPostprocessing = 0;
		};
/* End PBXFrameworksBuildPhase section */

/* Begin PBXGroup section */
		7AC7799D2ABCA77200104935 = {
			isa = PBXGroup;
			children = (
				7AC779A82ABCA77200104935 /* MyFish */,
				7AC779A72ABCA77200104935 /* Products */,
			);
			sourceTree = "<group>";
		};
		7AC779A72ABCA77200104935 /* Products */ = {
			isa = PBXGroup;
			children = (
				7AC779A62ABCA77200104935 /* MyFish.app */,
			);
			name = Products;
			sourceTree = "<group>";
		};
		7AC779A82ABCA77200104935 /* MyFish */ = {
			isa = PBXGroup;
			children = (
				7AC779A92ABCA77200104935 /* MyFishApp.swift */,
				7AC779AB2ABCA77200104935 /* FishListView.swift */,
				7AC779AD2ABCA77400104935 /* Assets.xcassets */,
				7AC779B22ABCA77400104935 /* MyFish.entitlements */,
				7AC779AF2ABCA77400104935 /* Preview Content */,
				7AC779BB2ABCB14200104935 /* Models.swift */,
				7AC779BD2ABF4FD300104935 /* FishCardView.swift */,
			);
			path = MyFish;
			sourceTree = "<group>";
		};
		7AC779AF2ABCA77400104935 /* Preview Content */ = {
			isa = PBXGroup;
			children = (
				7AC779B02ABCA77400104935 /* Preview Assets.xcassets */,
			);
			path = "Preview Content";
			sourceTree = "<group>";
		};
/* End PBXGroup section */

/* Begin PBXNativeTarget section */
		7AC779A52ABCA77200104935 /* MyFish */ = {
			isa = PBXNativeTarget;
			buildConfigurationList = 7AC779B52ABCA77400104935 /* Build configuration list for PBXNativeTarget "MyFish" */;
			buildPhases = (
				7AC779A22ABCA77200104935 /* Sources */,
				7AC779A32ABCA77200104935 /* Frameworks */,
				7AC779A42ABCA77200104935 /* Resources */,
			);
			buildRules = (
			);
			dependencies = (
			);
			name = MyFish;
			packageProductDependencies = (
				7AC779B92ABCA91D00104935 /* ComposableArchitecture */,
			);
			productName = MyFish;
			productReference = 7AC779A62ABCA77200104935 /* MyFish.app */;
			productType = "com.apple.product-type.application";
		};
/* End PBXNativeTarget section */

/* Begin PBXProject section */
		7AC7799E2ABCA77200104935 /* Project object */ = {
			isa = PBXProject;
			attributes = {
				BuildIndependentTargetsInParallel = 1;
				LastSwiftUpdateCheck = 1500;
				LastUpgradeCheck = 1500;
				TargetAttributes = {
					7AC779A52ABCA77200104935 = {
						CreatedOnToolsVersion = 15.0;
					};
				};
			};
			buildConfigurationList = 7AC779A12ABCA77200104935 /* Build configuration list for PBXProject "MyFish" */;
			compatibilityVersion = "Xcode 14.0";
			developmentRegion = en;
			hasScannedForEncodings = 0;
			knownRegions = (
				en,
				Base,
			);
			mainGroup = 7AC7799D2ABCA77200104935;
			packageReferences = (
				7AC779B82ABCA91D00104935 /* XCRemoteSwiftPackageReference "swift-composable-architecture" */,
			);
			productRefGroup = 7AC779A72ABCA77200104935 /* Products */;
			projectDirPath = "";
			projectRoot = "";
			targets = (
				7AC779A52ABCA77200104935 /* MyFish */,
			);
		};
/* End PBXProject section */

/* Begin PBXResourcesBuildPhase section */
		7AC779A42ABCA77200104935 /* Resources */ = {
			isa = PBXResourcesBuildPhase;
			buildActionMask = 2147483647;
			files = (
				7AC779B12ABCA77400104935 /* Preview Assets.xcassets in Resources */,
				7AC779AE2ABCA77400104935 /* Assets.xcassets in Resources */,
			);
			runOnlyForDeploymentPostprocessing = 0;
		};
/* End PBXResourcesBuildPhase section */

/* Begin PBXSourcesBuildPhase section */
		7AC779A22ABCA77200104935 /* Sources */ = {
			isa = PBXSourcesBuildPhase;
			buildActionMask = 2147483647;
			files = (
				7AC779BE2ABF4FD300104935 /* FishCardView.swift in Sources */,
				7AC779BC2ABCB14200104935 /* Models.swift in Sources */,
				7AC779AC2ABCA77200104935 /* FishListView.swift in Sources */,
				7AC779AA2ABCA77200104935 /* MyFishApp.swift in Sources */,
			);
			runOnlyForDeploymentPostprocessing = 0;
		};
/* End PBXSourcesBuildPhase section */

/* Begin XCBuildConfiguration section */
		7AC779B32ABCA77400104935 /* Debug */ = {
			isa = XCBuildConfiguration;
			buildSettings = {
				ALWAYS_SEARCH_USER_PATHS = NO;
				ASSETCATALOG_COMPILER_GENERATE_SWIFT_ASSET_SYMBOL_EXTENSIONS = YES;
				CLANG_ANALYZER_NONNULL = YES;
				CLANG_ANALYZER_NUMBER_OBJECT_CONVERSION = YES_AGGRESSIVE;
				CLANG_CXX_LANGUAGE_STANDARD = "gnu++20";
				CLANG_ENABLE_MODULES = YES;
				CLANG_ENABLE_OBJC_ARC = YES;
				CLANG_ENABLE_OBJC_WEAK = YES;
				CLANG_WARN_BLOCK_CAPTURE_AUTORELEASING = YES;
				CLANG_WARN_BOOL_CONVERSION = YES;
				CLANG_WARN_COMMA = YES;
				CLANG_WARN_CONSTANT_CONVERSION = YES;
				CLANG_WARN_DEPRECATED_OBJC_IMPLEMENTATIONS = YES;
				CLANG_WARN_DIRECT_OBJC_ISA_USAGE = YES_ERROR;
				CLANG_WARN_DOCUMENTATION_COMMENTS = YES;
				CLANG_WARN_EMPTY_BODY = YES;
				CLANG_WARN_ENUM_CONVERSION = YES;
				CLANG_WARN_INFINITE_RECURSION = YES;
				CLANG_WARN_INT_CONVERSION = YES;
				CLANG_WARN_NON_LITERAL_NULL_CONVERSION = YES;
				CLANG_WARN_OBJC_IMPLICIT_RETAIN_SELF = YES;
				CLANG_WARN_OBJC_LITERAL_CONVERSION = YES;
				CLANG_WARN_OBJC_ROOT_CLASS = YES_ERROR;
				CLANG_WARN_QUOTED_INCLUDE_IN_FRAMEWORK_HEADER = YES;
				CLANG_WARN_RANGE_LOOP_ANALYSIS = YES;
				CLANG_WARN_STRICT_PROTOTYPES = YES;
				CLANG_WARN_SUSPICIOUS_MOVE = YES;
				CLANG_WARN_UNGUARDED_AVAILABILITY = YES_AGGRESSIVE;
				CLANG_WARN_UNREACHABLE_CODE = YES;
				CLANG_WARN__DUPLICATE_METHOD_MATCH = YES;
				COPY_PHASE_STRIP = NO;
				DEBUG_INFORMATION_FORMAT = dwarf;
				ENABLE_STRICT_OBJC_MSGSEND = YES;
				ENABLE_TESTABILITY = YES;
				ENABLE_USER_SCRIPT_SANDBOXING = YES;
				GCC_C_LANGUAGE_STANDARD = gnu17;
				GCC_DYNAMIC_NO_PIC = NO;
				GCC_NO_COMMON_BLOCKS = YES;
				GCC_OPTIMIZATION_LEVEL = 0;
				GCC_PREPROCESSOR_DEFINITIONS = (
					"DEBUG=1",
					"$(inherited)",
				);
				GCC_WARN_64_TO_32_BIT_CONVERSION = YES;
				GCC_WARN_ABOUT_RETURN_TYPE = YES_ERROR;
				GCC_WARN_UNDECLARED_SELECTOR = YES;
				GCC_WARN_UNINITIALIZED_AUTOS = YES_AGGRESSIVE;
				GCC_WARN_UNUSED_FUNCTION = YES;
				GCC_WARN_UNUSED_VARIABLE = YES;
				LOCALIZATION_PREFERS_STRING_CATALOGS = YES;
				MACOSX_DEPLOYMENT_TARGET = 14.0;
				MTL_ENABLE_DEBUG_INFO = INCLUDE_SOURCE;
				MTL_FAST_MATH = YES;
				ONLY_ACTIVE_ARCH = YES;
				SDKROOT = iphoneos;
				SWIFT_ACTIVE_COMPILATION_CONDITIONS = "DEBUG $(inherited)";
				SWIFT_OPTIMIZATION_LEVEL = "-Onone";
			};
			name = Debug;
		};
		7AC779B42ABCA77400104935 /* Release */ = {
			isa = XCBuildConfiguration;
			buildSettings = {
				ALWAYS_SEARCH_USER_PATHS = NO;
				ASSETCATALOG_COMPILER_GENERATE_SWIFT_ASSET_SYMBOL_EXTENSIONS = YES;
				CLANG_ANALYZER_NONNULL = YES;
				CLANG_ANALYZER_NUMBER_OBJECT_CONVERSION = YES_AGGRESSIVE;
				CLANG_CXX_LANGUAGE_STANDARD = "gnu++20";
				CLANG_ENABLE_MODULES = YES;
				CLANG_ENABLE_OBJC_ARC = YES;
				CLANG_ENABLE_OBJC_WEAK = YES;
				CLANG_WARN_BLOCK_CAPTURE_AUTORELEASING = YES;
				CLANG_WARN_BOOL_CONVERSION = YES;
				CLANG_WARN_COMMA = YES;
				CLANG_WARN_CONSTANT_CONVERSION = YES;
				CLANG_WARN_DEPRECATED_OBJC_IMPLEMENTATIONS = YES;
				CLANG_WARN_DIRECT_OBJC_ISA_USAGE = YES_ERROR;
				CLANG_WARN_DOCUMENTATION_COMMENTS = YES;
				CLANG_WARN_EMPTY_BODY = YES;
				CLANG_WARN_ENUM_CONVERSION = YES;
				CLANG_WARN_INFINITE_RECURSION = YES;
				CLANG_WARN_INT_CONVERSION = YES;
				CLANG_WARN_NON_LITERAL_NULL_CONVERSION = YES;
				CLANG_WARN_OBJC_IMPLICIT_RETAIN_SELF = YES;
				CLANG_WARN_OBJC_LITERAL_CONVERSION = YES;
				CLANG_WARN_OBJC_ROOT_CLASS = YES_ERROR;
				CLANG_WARN_QUOTED_INCLUDE_IN_FRAMEWORK_HEADER = YES;
				CLANG_WARN_RANGE_LOOP_ANALYSIS = YES;
				CLANG_WARN_STRICT_PROTOTYPES = YES;
				CLANG_WARN_SUSPICIOUS_MOVE = YES;
				CLANG_WARN_UNGUARDED_AVAILABILITY = YES_AGGRESSIVE;
				CLANG_WARN_UNREACHABLE_CODE = YES;
				CLANG_WARN__DUPLICATE_METHOD_MATCH = YES;
				COPY_PHASE_STRIP = NO;
				DEBUG_INFORMATION_FORMAT = "dwarf-with-dsym";
				ENABLE_NS_ASSERTIONS = NO;
				ENABLE_STRICT_OBJC_MSGSEND = YES;
				ENABLE_USER_SCRIPT_SANDBOXING = YES;
				GCC_C_LANGUAGE_STANDARD = gnu17;
				GCC_NO_COMMON_BLOCKS = YES;
				GCC_WARN_64_TO_32_BIT_CONVERSION = YES;
				GCC_WARN_ABOUT_RETURN_TYPE = YES_ERROR;
				GCC_WARN_UNDECLARED_SELECTOR = YES;
				GCC_WARN_UNINITIALIZED_AUTOS = YES_AGGRESSIVE;
				GCC_WARN_UNUSED_FUNCTION = YES;
				GCC_WARN_UNUSED_VARIABLE = YES;
				LOCALIZATION_PREFERS_STRING_CATALOGS = YES;
				MACOSX_DEPLOYMENT_TARGET = 14.0;
				MTL_ENABLE_DEBUG_INFO = NO;
				MTL_FAST_MATH = YES;
				SDKROOT = iphoneos;
				SWIFT_COMPILATION_MODE = wholemodule;
			};
			name = Release;
		};
		7AC779B62ABCA77400104935 /* Debug */ = {
			isa = XCBuildConfiguration;
			buildSettings = {
				ASSETCATALOG_COMPILER_APPICON_NAME = AppIcon;
				ASSETCATALOG_COMPILER_GLOBAL_ACCENT_COLOR_NAME = AccentColor;
				CODE_SIGN_ENTITLEMENTS = MyFish/MyFish.entitlements;
				CODE_SIGN_STYLE = Automatic;
				COMBINE_HIDPI_IMAGES = YES;
				CURRENT_PROJECT_VERSION = 1;
				DEVELOPMENT_ASSET_PATHS = "\"MyFish/Preview Content\"";
				DEVELOPMENT_TEAM = 2DDP9BK6TP;
				ENABLE_HARDENED_RUNTIME = YES;
				ENABLE_PREVIEWS = YES;
				GENERATE_INFOPLIST_FILE = YES;
				INFOPLIST_KEY_NSHumanReadableCopyright = "";
				LD_RUNPATH_SEARCH_PATHS = (
					"$(inherited)",
					"@executable_path/../Frameworks",
				);
				MARKETING_VERSION = 1.0;
				PRODUCT_BUNDLE_IDENTIFIER = "Robert-Bates.MyFish";
				PRODUCT_NAME = "$(TARGET_NAME)";
				SWIFT_EMIT_LOC_STRINGS = YES;
				SWIFT_VERSION = 5.0;
			};
			name = Debug;
		};
		7AC779B72ABCA77400104935 /* Release */ = {
			isa = XCBuildConfiguration;
			buildSettings = {
				ASSETCATALOG_COMPILER_APPICON_NAME = AppIcon;
				ASSETCATALOG_COMPILER_GLOBAL_ACCENT_COLOR_NAME = AccentColor;
				CODE_SIGN_ENTITLEMENTS = MyFish/MyFish.entitlements;
				CODE_SIGN_STYLE = Automatic;
				COMBINE_HIDPI_IMAGES = YES;
				CURRENT_PROJECT_VERSION = 1;
				DEVELOPMENT_ASSET_PATHS = "\"MyFish/Preview Content\"";
				DEVELOPMENT_TEAM = 2DDP9BK6TP;
				ENABLE_HARDENED_RUNTIME = YES;
				ENABLE_PREVIEWS = YES;
				GENERATE_INFOPLIST_FILE = YES;
				INFOPLIST_KEY_NSHumanReadableCopyright = "";
				LD_RUNPATH_SEARCH_PATHS = (
					"$(inherited)",
					"@executable_path/../Frameworks",
				);
				MARKETING_VERSION = 1.0;
				PRODUCT_BUNDLE_IDENTIFIER = "Robert-Bates.MyFish";
				PRODUCT_NAME = "$(TARGET_NAME)";
				SWIFT_EMIT_LOC_STRINGS = YES;
				SWIFT_VERSION = 5.0;
			};
			name = Release;
		};
/* End XCBuildConfiguration section */

/* Begin XCConfigurationList section */
		7AC779A12ABCA77200104935 /* Build configuration list for PBXProject "MyFish" */ = {
			isa = XCConfigurationList;
			buildConfigurations = (
				7AC779B32ABCA77400104935 /* Debug */,
				7AC779B42ABCA77400104935 /* Release */,
			);
			defaultConfigurationIsVisible = 0;
			defaultConfigurationName = Release;
		};
		7AC779B52ABCA77400104935 /* Build configuration list for PBXNativeTarget "MyFish" */ = {
			isa = XCConfigurationList;
			buildConfigurations = (
				7AC779B62ABCA77400104935 /* Debug */,
				7AC779B72ABCA77400104935 /* Release */,
			);
			defaultConfigurationIsVisible = 0;
			defaultConfigurationName = Release;
		};
/* End XCConfigurationList section */

/* Begin XCRemoteSwiftPackageReference section */
		7AC779B82ABCA91D00104935 /* XCRemoteSwiftPackageReference "swift-composable-architecture" */ = {
			isa = XCRemoteSwiftPackageReference;
			repositoryURL = "http://github.com/pointfreeco/swift-composable-architecture#Installation";
			requirement = {
				kind = upToNextMajorVersion;
				minimumVersion = 1.2.0;
			};
		};
/* End XCRemoteSwiftPackageReference section */

/* Begin XCSwiftPackageProductDependency section */
		7AC779B92ABCA91D00104935 /* ComposableArchitecture */ = {
			isa = XCSwiftPackageProductDependency;
			package = 7AC779B82ABCA91D00104935 /* XCRemoteSwiftPackageReference "swift-composable-architecture" */;
			productName = ComposableArchitecture;
		};
/* End XCSwiftPackageProductDependency section */
	};
	rootObject = 7AC7799E2ABCA77200104935 /* Project object */;
}
