// !$*UTF8*$!
{
	archiveVersion = 1;
	classes = {
	};
	objectVersion = 56;
	objects = {

/* Begin PBXBuildFile section */
		7A1D24B62AC5D29D0061C7D0 /* LengthPickerView.swift in Sources */ = {isa = PBXBuildFile; fileRef = 7A1D24B52AC5D29D0061C7D0 /* LengthPickerView.swift */; };
		7A9B23CA2AC343720052D90B /* FishFormView.swift in Sources */ = {isa = PBXBuildFile; fileRef = 7A9B23C92AC343720052D90B /* FishFormView.swift */; };
		7AB7D4072AC33FF2002D86F2 /* MyFishApp.swift in Sources */ = {isa = PBXBuildFile; fileRef = 7AB7D4062AC33FF2002D86F2 /* MyFishApp.swift */; };
		7AB7D40B2AC33FF5002D86F2 /* Assets.xcassets in Resources */ = {isa = PBXBuildFile; fileRef = 7AB7D40A2AC33FF5002D86F2 /* Assets.xcassets */; };
		7AB7D40E2AC33FF5002D86F2 /* Preview Assets.xcassets in Resources */ = {isa = PBXBuildFile; fileRef = 7AB7D40D2AC33FF5002D86F2 /* Preview Assets.xcassets */; };
		7AB7D4192AC33FF5002D86F2 /* MyFishTests.swift in Sources */ = {isa = PBXBuildFile; fileRef = 7AB7D4182AC33FF5002D86F2 /* MyFishTests.swift */; };
		7AB7D4322AC340D6002D86F2 /* FishCardView.swift in Sources */ = {isa = PBXBuildFile; fileRef = 7AB7D4312AC340D6002D86F2 /* FishCardView.swift */; };
		7AB7D4352AC34104002D86F2 /* Models.swift in Sources */ = {isa = PBXBuildFile; fileRef = 7AB7D4332AC34104002D86F2 /* Models.swift */; };
		7AB7D4362AC34104002D86F2 /* FishListView.swift in Sources */ = {isa = PBXBuildFile; fileRef = 7AB7D4342AC34104002D86F2 /* FishListView.swift */; };
		7AB7D4392AC34132002D86F2 /* ComposableArchitecture in Frameworks */ = {isa = PBXBuildFile; productRef = 7AB7D4382AC34132002D86F2 /* ComposableArchitecture */; };
/* End PBXBuildFile section */

/* Begin PBXContainerItemProxy section */
		7AB7D4152AC33FF5002D86F2 /* PBXContainerItemProxy */ = {
			isa = PBXContainerItemProxy;
			containerPortal = 7AB7D3FB2AC33FF2002D86F2 /* Project object */;
			proxyType = 1;
			remoteGlobalIDString = 7AB7D4022AC33FF2002D86F2;
			remoteInfo = MyFish;
		};
/* End PBXContainerItemProxy section */

/* Begin PBXFileReference section */
		7A1D24B52AC5D29D0061C7D0 /* LengthPickerView.swift */ = {isa = PBXFileReference; lastKnownFileType = sourcecode.swift; path = LengthPickerView.swift; sourceTree = "<group>"; };
		7A9B23C92AC343720052D90B /* FishFormView.swift */ = {isa = PBXFileReference; fileEncoding = 4; lastKnownFileType = sourcecode.swift; path = FishFormView.swift; sourceTree = "<group>"; };
		7AB7D4032AC33FF2002D86F2 /* MyFish.app */ = {isa = PBXFileReference; explicitFileType = wrapper.application; includeInIndex = 0; path = MyFish.app; sourceTree = BUILT_PRODUCTS_DIR; };
		7AB7D4062AC33FF2002D86F2 /* MyFishApp.swift */ = {isa = PBXFileReference; lastKnownFileType = sourcecode.swift; path = MyFishApp.swift; sourceTree = "<group>"; };
		7AB7D40A2AC33FF5002D86F2 /* Assets.xcassets */ = {isa = PBXFileReference; lastKnownFileType = folder.assetcatalog; path = Assets.xcassets; sourceTree = "<group>"; };
		7AB7D40D2AC33FF5002D86F2 /* Preview Assets.xcassets */ = {isa = PBXFileReference; lastKnownFileType = folder.assetcatalog; path = "Preview Assets.xcassets"; sourceTree = "<group>"; };
		7AB7D40F2AC33FF5002D86F2 /* MyFish.entitlements */ = {isa = PBXFileReference; lastKnownFileType = text.plist.entitlements; path = MyFish.entitlements; sourceTree = "<group>"; };
		7AB7D4142AC33FF5002D86F2 /* MyFishTests.xctest */ = {isa = PBXFileReference; explicitFileType = wrapper.cfbundle; includeInIndex = 0; path = MyFishTests.xctest; sourceTree = BUILT_PRODUCTS_DIR; };
		7AB7D4182AC33FF5002D86F2 /* MyFishTests.swift */ = {isa = PBXFileReference; lastKnownFileType = sourcecode.swift; path = MyFishTests.swift; sourceTree = "<group>"; };
		7AB7D4312AC340D6002D86F2 /* FishCardView.swift */ = {isa = PBXFileReference; fileEncoding = 4; lastKnownFileType = sourcecode.swift; path = FishCardView.swift; sourceTree = "<group>"; };
		7AB7D4332AC34104002D86F2 /* Models.swift */ = {isa = PBXFileReference; fileEncoding = 4; lastKnownFileType = sourcecode.swift; path = Models.swift; sourceTree = "<group>"; };
		7AB7D4342AC34104002D86F2 /* FishListView.swift */ = {isa = PBXFileReference; fileEncoding = 4; lastKnownFileType = sourcecode.swift; path = FishListView.swift; sourceTree = "<group>"; };
/* End PBXFileReference section */

/* Begin PBXFrameworksBuildPhase section */
		7AB7D4002AC33FF2002D86F2 /* Frameworks */ = {
			isa = PBXFrameworksBuildPhase;
			buildActionMask = 2147483647;
			files = (
				7AB7D4392AC34132002D86F2 /* ComposableArchitecture in Frameworks */,
			);
			runOnlyForDeploymentPostprocessing = 0;
		};
		7AB7D4112AC33FF5002D86F2 /* Frameworks */ = {
			isa = PBXFrameworksBuildPhase;
			buildActionMask = 2147483647;
			files = (
			);
			runOnlyForDeploymentPostprocessing = 0;
		};
/* End PBXFrameworksBuildPhase section */

/* Begin PBXGroup section */
		7AB7D3FA2AC33FF2002D86F2 = {
			isa = PBXGroup;
			children = (
				7AB7D4052AC33FF2002D86F2 /* MyFish */,
				7AB7D4172AC33FF5002D86F2 /* MyFishTests */,
				7AB7D4042AC33FF2002D86F2 /* Products */,
			);
			sourceTree = "<group>";
		};
		7AB7D4042AC33FF2002D86F2 /* Products */ = {
			isa = PBXGroup;
			children = (
				7AB7D4032AC33FF2002D86F2 /* MyFish.app */,
				7AB7D4142AC33FF5002D86F2 /* MyFishTests.xctest */,
			);
			name = Products;
			sourceTree = "<group>";
		};
		7AB7D4052AC33FF2002D86F2 /* MyFish */ = {
			isa = PBXGroup;
			children = (
				7AB7D4062AC33FF2002D86F2 /* MyFishApp.swift */,
				7AB7D4342AC34104002D86F2 /* FishListView.swift */,
				7A9B23C92AC343720052D90B /* FishFormView.swift */,
				7A1D24B52AC5D29D0061C7D0 /* LengthPickerView.swift */,
				7AB7D4312AC340D6002D86F2 /* FishCardView.swift */,
				7AB7D4332AC34104002D86F2 /* Models.swift */,
				7AB7D40A2AC33FF5002D86F2 /* Assets.xcassets */,
				7AB7D40F2AC33FF5002D86F2 /* MyFish.entitlements */,
				7AB7D40C2AC33FF5002D86F2 /* Preview Content */,
			);
			path = MyFish;
			sourceTree = "<group>";
		};
		7AB7D40C2AC33FF5002D86F2 /* Preview Content */ = {
			isa = PBXGroup;
			children = (
				7AB7D40D2AC33FF5002D86F2 /* Preview Assets.xcassets */,
			);
			path = "Preview Content";
			sourceTree = "<group>";
		};
		7AB7D4172AC33FF5002D86F2 /* MyFishTests */ = {
			isa = PBXGroup;
			children = (
				7AB7D4182AC33FF5002D86F2 /* MyFishTests.swift */,
			);
			path = MyFishTests;
			sourceTree = "<group>";
		};
/* End PBXGroup section */

/* Begin PBXNativeTarget section */
		7AB7D4022AC33FF2002D86F2 /* MyFish */ = {
			isa = PBXNativeTarget;
			buildConfigurationList = 7AB7D4282AC33FF5002D86F2 /* Build configuration list for PBXNativeTarget "MyFish" */;
			buildPhases = (
				7AB7D3FF2AC33FF2002D86F2 /* Sources */,
				7AB7D4002AC33FF2002D86F2 /* Frameworks */,
				7AB7D4012AC33FF2002D86F2 /* Resources */,
			);
			buildRules = (
			);
			dependencies = (
			);
			name = MyFish;
			packageProductDependencies = (
				7AB7D4382AC34132002D86F2 /* ComposableArchitecture */,
			);
			productName = MyFish;
			productReference = 7AB7D4032AC33FF2002D86F2 /* MyFish.app */;
			productType = "com.apple.product-type.application";
		};
		7AB7D4132AC33FF5002D86F2 /* MyFishTests */ = {
			isa = PBXNativeTarget;
			buildConfigurationList = 7AB7D42B2AC33FF5002D86F2 /* Build configuration list for PBXNativeTarget "MyFishTests" */;
			buildPhases = (
				7AB7D4102AC33FF5002D86F2 /* Sources */,
				7AB7D4112AC33FF5002D86F2 /* Frameworks */,
				7AB7D4122AC33FF5002D86F2 /* Resources */,
			);
			buildRules = (
			);
			dependencies = (
				7AB7D4162AC33FF5002D86F2 /* PBXTargetDependency */,
			);
			name = MyFishTests;
			productName = MyFishTests;
			productReference = 7AB7D4142AC33FF5002D86F2 /* MyFishTests.xctest */;
			productType = "com.apple.product-type.bundle.unit-test";
		};
/* End PBXNativeTarget section */

/* Begin PBXProject section */
		7AB7D3FB2AC33FF2002D86F2 /* Project object */ = {
			isa = PBXProject;
			attributes = {
				BuildIndependentTargetsInParallel = 1;
				LastSwiftUpdateCheck = 1500;
				LastUpgradeCheck = 1500;
				TargetAttributes = {
					7AB7D4022AC33FF2002D86F2 = {
						CreatedOnToolsVersion = 15.0;
					};
					7AB7D4132AC33FF5002D86F2 = {
						CreatedOnToolsVersion = 15.0;
						TestTargetID = 7AB7D4022AC33FF2002D86F2;
					};
				};
			};
			buildConfigurationList = 7AB7D3FE2AC33FF2002D86F2 /* Build configuration list for PBXProject "MyFish" */;
			compatibilityVersion = "Xcode 14.0";
			developmentRegion = en;
			hasScannedForEncodings = 0;
			knownRegions = (
				en,
				Base,
			);
			mainGroup = 7AB7D3FA2AC33FF2002D86F2;
			packageReferences = (
				7AB7D4372AC34132002D86F2 /* XCRemoteSwiftPackageReference "swift-composable-architecture" */,
			);
			productRefGroup = 7AB7D4042AC33FF2002D86F2 /* Products */;
			projectDirPath = "";
			projectRoot = "";
			targets = (
				7AB7D4022AC33FF2002D86F2 /* MyFish */,
				7AB7D4132AC33FF5002D86F2 /* MyFishTests */,
			);
		};
/* End PBXProject section */

/* Begin PBXResourcesBuildPhase section */
		7AB7D4012AC33FF2002D86F2 /* Resources */ = {
			isa = PBXResourcesBuildPhase;
			buildActionMask = 2147483647;
			files = (
				7AB7D40E2AC33FF5002D86F2 /* Preview Assets.xcassets in Resources */,
				7AB7D40B2AC33FF5002D86F2 /* Assets.xcassets in Resources */,
			);
			runOnlyForDeploymentPostprocessing = 0;
		};
		7AB7D4122AC33FF5002D86F2 /* Resources */ = {
			isa = PBXResourcesBuildPhase;
			buildActionMask = 2147483647;
			files = (
			);
			runOnlyForDeploymentPostprocessing = 0;
		};
/* End PBXResourcesBuildPhase section */

/* Begin PBXSourcesBuildPhase section */
		7AB7D3FF2AC33FF2002D86F2 /* Sources */ = {
			isa = PBXSourcesBuildPhase;
			buildActionMask = 2147483647;
			files = (
				7AB7D4352AC34104002D86F2 /* Models.swift in Sources */,
				7AB7D4322AC340D6002D86F2 /* FishCardView.swift in Sources */,
				7A1D24B62AC5D29D0061C7D0 /* LengthPickerView.swift in Sources */,
				7AB7D4362AC34104002D86F2 /* FishListView.swift in Sources */,
				7A9B23CA2AC343720052D90B /* FishFormView.swift in Sources */,
				7AB7D4072AC33FF2002D86F2 /* MyFishApp.swift in Sources */,
			);
			runOnlyForDeploymentPostprocessing = 0;
		};
		7AB7D4102AC33FF5002D86F2 /* Sources */ = {
			isa = PBXSourcesBuildPhase;
			buildActionMask = 2147483647;
			files = (
				7AB7D4192AC33FF5002D86F2 /* MyFishTests.swift in Sources */,
			);
			runOnlyForDeploymentPostprocessing = 0;
		};
/* End PBXSourcesBuildPhase section */

/* Begin PBXTargetDependency section */
		7AB7D4162AC33FF5002D86F2 /* PBXTargetDependency */ = {
			isa = PBXTargetDependency;
			target = 7AB7D4022AC33FF2002D86F2 /* MyFish */;
			targetProxy = 7AB7D4152AC33FF5002D86F2 /* PBXContainerItemProxy */;
		};
/* End PBXTargetDependency section */

/* Begin XCBuildConfiguration section */
		7AB7D4262AC33FF5002D86F2 /* Debug */ = {
			isa = XCBuildConfiguration;
			buildSettings = {
				ALWAYS_SEARCH_USER_PATHS = NO;
				ASSETCATALOG_COMPILER_GENERATE_SWIFT_ASSET_SYMBOL_EXTENSIONS = YES;
				CLANG_ANALYZER_NONNULL = YES;
				CLANG_ANALYZER_NUMBER_OBJECT_CONVERSION = YES_AGGRESSIVE;
				CLANG_CXX_LANGUAGE_STANDARD = "gnu++20";
				CLANG_ENABLE_MODULES = YES;
				CLANG_ENABLE_OBJC_ARC = YES;
				CLANG_ENABLE_OBJC_WEAK = YES;
				CLANG_WARN_BLOCK_CAPTURE_AUTORELEASING = YES;
				CLANG_WARN_BOOL_CONVERSION = YES;
				CLANG_WARN_COMMA = YES;
				CLANG_WARN_CONSTANT_CONVERSION = YES;
				CLANG_WARN_DEPRECATED_OBJC_IMPLEMENTATIONS = YES;
				CLANG_WARN_DIRECT_OBJC_ISA_USAGE = YES_ERROR;
				CLANG_WARN_DOCUMENTATION_COMMENTS = YES;
				CLANG_WARN_EMPTY_BODY = YES;
				CLANG_WARN_ENUM_CONVERSION = YES;
				CLANG_WARN_INFINITE_RECURSION = YES;
				CLANG_WARN_INT_CONVERSION = YES;
				CLANG_WARN_NON_LITERAL_NULL_CONVERSION = YES;
				CLANG_WARN_OBJC_IMPLICIT_RETAIN_SELF = YES;
				CLANG_WARN_OBJC_LITERAL_CONVERSION = YES;
				CLANG_WARN_OBJC_ROOT_CLASS = YES_ERROR;
				CLANG_WARN_QUOTED_INCLUDE_IN_FRAMEWORK_HEADER = YES;
				CLANG_WARN_RANGE_LOOP_ANALYSIS = YES;
				CLANG_WARN_STRICT_PROTOTYPES = YES;
				CLANG_WARN_SUSPICIOUS_MOVE = YES;
				CLANG_WARN_UNGUARDED_AVAILABILITY = YES_AGGRESSIVE;
				CLANG_WARN_UNREACHABLE_CODE = YES;
				CLANG_WARN__DUPLICATE_METHOD_MATCH = YES;
				COPY_PHASE_STRIP = NO;
				DEBUG_INFORMATION_FORMAT = dwarf;
				ENABLE_STRICT_OBJC_MSGSEND = YES;
				ENABLE_TESTABILITY = YES;
				ENABLE_USER_SCRIPT_SANDBOXING = YES;
				GCC_C_LANGUAGE_STANDARD = gnu17;
				GCC_DYNAMIC_NO_PIC = NO;
				GCC_NO_COMMON_BLOCKS = YES;
				GCC_OPTIMIZATION_LEVEL = 0;
				GCC_PREPROCESSOR_DEFINITIONS = (
					"DEBUG=1",
					"$(inherited)",
				);
				GCC_WARN_64_TO_32_BIT_CONVERSION = YES;
				GCC_WARN_ABOUT_RETURN_TYPE = YES_ERROR;
				GCC_WARN_UNDECLARED_SELECTOR = YES;
				GCC_WARN_UNINITIALIZED_AUTOS = YES_AGGRESSIVE;
				GCC_WARN_UNUSED_FUNCTION = YES;
				GCC_WARN_UNUSED_VARIABLE = YES;
				LOCALIZATION_PREFERS_STRING_CATALOGS = YES;
				MACOSX_DEPLOYMENT_TARGET = 14.0;
				MTL_ENABLE_DEBUG_INFO = INCLUDE_SOURCE;
				MTL_FAST_MATH = YES;
				ONLY_ACTIVE_ARCH = YES;
				SDKROOT = macosx;
				SWIFT_ACTIVE_COMPILATION_CONDITIONS = "DEBUG $(inherited)";
				SWIFT_OPTIMIZATION_LEVEL = "-Onone";
			};
			name = Debug;
		};
		7AB7D4272AC33FF5002D86F2 /* Release */ = {
			isa = XCBuildConfiguration;
			buildSettings = {
				ALWAYS_SEARCH_USER_PATHS = NO;
				ASSETCATALOG_COMPILER_GENERATE_SWIFT_ASSET_SYMBOL_EXTENSIONS = YES;
				CLANG_ANALYZER_NONNULL = YES;
				CLANG_ANALYZER_NUMBER_OBJECT_CONVERSION = YES_AGGRESSIVE;
				CLANG_CXX_LANGUAGE_STANDARD = "gnu++20";
				CLANG_ENABLE_MODULES = YES;
				CLANG_ENABLE_OBJC_ARC = YES;
				CLANG_ENABLE_OBJC_WEAK = YES;
				CLANG_WARN_BLOCK_CAPTURE_AUTORELEASING = YES;
				CLANG_WARN_BOOL_CONVERSION = YES;
				CLANG_WARN_COMMA = YES;
				CLANG_WARN_CONSTANT_CONVERSION = YES;
				CLANG_WARN_DEPRECATED_OBJC_IMPLEMENTATIONS = YES;
				CLANG_WARN_DIRECT_OBJC_ISA_USAGE = YES_ERROR;
				CLANG_WARN_DOCUMENTATION_COMMENTS = YES;
				CLANG_WARN_EMPTY_BODY = YES;
				CLANG_WARN_ENUM_CONVERSION = YES;
				CLANG_WARN_INFINITE_RECURSION = YES;
				CLANG_WARN_INT_CONVERSION = YES;
				CLANG_WARN_NON_LITERAL_NULL_CONVERSION = YES;
				CLANG_WARN_OBJC_IMPLICIT_RETAIN_SELF = YES;
				CLANG_WARN_OBJC_LITERAL_CONVERSION = YES;
				CLANG_WARN_OBJC_ROOT_CLASS = YES_ERROR;
				CLANG_WARN_QUOTED_INCLUDE_IN_FRAMEWORK_HEADER = YES;
				CLANG_WARN_RANGE_LOOP_ANALYSIS = YES;
				CLANG_WARN_STRICT_PROTOTYPES = YES;
				CLANG_WARN_SUSPICIOUS_MOVE = YES;
				CLANG_WARN_UNGUARDED_AVAILABILITY = YES_AGGRESSIVE;
				CLANG_WARN_UNREACHABLE_CODE = YES;
				CLANG_WARN__DUPLICATE_METHOD_MATCH = YES;
				COPY_PHASE_STRIP = NO;
				DEBUG_INFORMATION_FORMAT = "dwarf-with-dsym";
				ENABLE_NS_ASSERTIONS = NO;
				ENABLE_STRICT_OBJC_MSGSEND = YES;
				ENABLE_USER_SCRIPT_SANDBOXING = YES;
				GCC_C_LANGUAGE_STANDARD = gnu17;
				GCC_NO_COMMON_BLOCKS = YES;
				GCC_WARN_64_TO_32_BIT_CONVERSION = YES;
				GCC_WARN_ABOUT_RETURN_TYPE = YES_ERROR;
				GCC_WARN_UNDECLARED_SELECTOR = YES;
				GCC_WARN_UNINITIALIZED_AUTOS = YES_AGGRESSIVE;
				GCC_WARN_UNUSED_FUNCTION = YES;
				GCC_WARN_UNUSED_VARIABLE = YES;
				LOCALIZATION_PREFERS_STRING_CATALOGS = YES;
				MACOSX_DEPLOYMENT_TARGET = 14.0;
				MTL_ENABLE_DEBUG_INFO = NO;
				MTL_FAST_MATH = YES;
				SDKROOT = macosx;
				SWIFT_COMPILATION_MODE = wholemodule;
			};
			name = Release;
		};
		7AB7D4292AC33FF5002D86F2 /* Debug */ = {
			isa = XCBuildConfiguration;
			buildSettings = {
				ASSETCATALOG_COMPILER_APPICON_NAME = AppIcon;
				ASSETCATALOG_COMPILER_GLOBAL_ACCENT_COLOR_NAME = AccentColor;
				CODE_SIGN_ENTITLEMENTS = MyFish/MyFish.entitlements;
				CODE_SIGN_STYLE = Automatic;
				COMBINE_HIDPI_IMAGES = YES;
				CURRENT_PROJECT_VERSION = 1;
				DEVELOPMENT_ASSET_PATHS = "\"MyFish/Preview Content\"";
				DEVELOPMENT_TEAM = 2DDP9BK6TP;
				ENABLE_HARDENED_RUNTIME = YES;
				ENABLE_PREVIEWS = YES;
				GENERATE_INFOPLIST_FILE = YES;
				INFOPLIST_KEY_NSHumanReadableCopyright = "";
				LD_RUNPATH_SEARCH_PATHS = (
					"$(inherited)",
					"@executable_path/../Frameworks",
				);
				MARKETING_VERSION = 1.0;
				PRODUCT_BUNDLE_IDENTIFIER = "Robert-Bates.MyFish";
				PRODUCT_NAME = "$(TARGET_NAME)";
				SUPPORTED_PLATFORMS = "iphoneos iphonesimulator macosx";
				SUPPORTS_MACCATALYST = NO;
				SWIFT_EMIT_LOC_STRINGS = YES;
				SWIFT_VERSION = 5.0;
				TARGETED_DEVICE_FAMILY = 1;
			};
			name = Debug;
		};
		7AB7D42A2AC33FF5002D86F2 /* Release */ = {
			isa = XCBuildConfiguration;
			buildSettings = {
				ASSETCATALOG_COMPILER_APPICON_NAME = AppIcon;
				ASSETCATALOG_COMPILER_GLOBAL_ACCENT_COLOR_NAME = AccentColor;
				CODE_SIGN_ENTITLEMENTS = MyFish/MyFish.entitlements;
				CODE_SIGN_STYLE = Automatic;
				COMBINE_HIDPI_IMAGES = YES;
				CURRENT_PROJECT_VERSION = 1;
				DEVELOPMENT_ASSET_PATHS = "\"MyFish/Preview Content\"";
				DEVELOPMENT_TEAM = 2DDP9BK6TP;
				ENABLE_HARDENED_RUNTIME = YES;
				ENABLE_PREVIEWS = YES;
				GENERATE_INFOPLIST_FILE = YES;
				INFOPLIST_KEY_NSHumanReadableCopyright = "";
				LD_RUNPATH_SEARCH_PATHS = (
					"$(inherited)",
					"@executable_path/../Frameworks",
				);
				MARKETING_VERSION = 1.0;
				PRODUCT_BUNDLE_IDENTIFIER = "Robert-Bates.MyFish";
				PRODUCT_NAME = "$(TARGET_NAME)";
				SUPPORTED_PLATFORMS = "iphoneos iphonesimulator macosx";
				SUPPORTS_MACCATALYST = NO;
				SWIFT_EMIT_LOC_STRINGS = YES;
				SWIFT_VERSION = 5.0;
				TARGETED_DEVICE_FAMILY = 1;
			};
			name = Release;
		};
		7AB7D42C2AC33FF5002D86F2 /* Debug */ = {
			isa = XCBuildConfiguration;
			buildSettings = {
				ALWAYS_EMBED_SWIFT_STANDARD_LIBRARIES = YES;
				BUNDLE_LOADER = "$(TEST_HOST)";
				CODE_SIGN_STYLE = Automatic;
				CURRENT_PROJECT_VERSION = 1;
				DEVELOPMENT_TEAM = 2DDP9BK6TP;
				GENERATE_INFOPLIST_FILE = YES;
				MACOSX_DEPLOYMENT_TARGET = 14.0;
				MARKETING_VERSION = 1.0;
				PRODUCT_BUNDLE_IDENTIFIER = "Robert-Bates.MyFishTests";
				PRODUCT_NAME = "$(TARGET_NAME)";
				SUPPORTED_PLATFORMS = "iphoneos iphonesimulator";
				SUPPORTS_MACCATALYST = NO;
				SWIFT_EMIT_LOC_STRINGS = NO;
				SWIFT_VERSION = 5.0;
				TARGETED_DEVICE_FAMILY = 1;
				TEST_HOST = "$(BUILT_PRODUCTS_DIR)/MyFish.app/$(BUNDLE_EXECUTABLE_FOLDER_PATH)/MyFish";
			};
			name = Debug;
		};
		7AB7D42D2AC33FF5002D86F2 /* Release */ = {
			isa = XCBuildConfiguration;
			buildSettings = {
				ALWAYS_EMBED_SWIFT_STANDARD_LIBRARIES = YES;
				BUNDLE_LOADER = "$(TEST_HOST)";
				CODE_SIGN_STYLE = Automatic;
				CURRENT_PROJECT_VERSION = 1;
				DEVELOPMENT_TEAM = 2DDP9BK6TP;
				GENERATE_INFOPLIST_FILE = YES;
				MACOSX_DEPLOYMENT_TARGET = 14.0;
				MARKETING_VERSION = 1.0;
				PRODUCT_BUNDLE_IDENTIFIER = "Robert-Bates.MyFishTests";
				PRODUCT_NAME = "$(TARGET_NAME)";
				SUPPORTED_PLATFORMS = "iphoneos iphonesimulator";
				SUPPORTS_MACCATALYST = NO;
				SWIFT_EMIT_LOC_STRINGS = NO;
				SWIFT_VERSION = 5.0;
				TARGETED_DEVICE_FAMILY = 1;
				TEST_HOST = "$(BUILT_PRODUCTS_DIR)/MyFish.app/$(BUNDLE_EXECUTABLE_FOLDER_PATH)/MyFish";
			};
			name = Release;
		};
/* End XCBuildConfiguration section */

/* Begin XCConfigurationList section */
		7AB7D3FE2AC33FF2002D86F2 /* Build configuration list for PBXProject "MyFish" */ = {
			isa = XCConfigurationList;
			buildConfigurations = (
				7AB7D4262AC33FF5002D86F2 /* Debug */,
				7AB7D4272AC33FF5002D86F2 /* Release */,
			);
			defaultConfigurationIsVisible = 0;
			defaultConfigurationName = Release;
		};
		7AB7D4282AC33FF5002D86F2 /* Build configuration list for PBXNativeTarget "MyFish" */ = {
			isa = XCConfigurationList;
			buildConfigurations = (
				7AB7D4292AC33FF5002D86F2 /* Debug */,
				7AB7D42A2AC33FF5002D86F2 /* Release */,
			);
			defaultConfigurationIsVisible = 0;
			defaultConfigurationName = Release;
		};
		7AB7D42B2AC33FF5002D86F2 /* Build configuration list for PBXNativeTarget "MyFishTests" */ = {
			isa = XCConfigurationList;
			buildConfigurations = (
				7AB7D42C2AC33FF5002D86F2 /* Debug */,
				7AB7D42D2AC33FF5002D86F2 /* Release */,
			);
			defaultConfigurationIsVisible = 0;
			defaultConfigurationName = Release;
		};
/* End XCConfigurationList section */

/* Begin XCRemoteSwiftPackageReference section */
		7AB7D4372AC34132002D86F2 /* XCRemoteSwiftPackageReference "swift-composable-architecture" */ = {
			isa = XCRemoteSwiftPackageReference;
			repositoryURL = "http://github.com/pointfreeco/swift-composable-architecture#Installation";
			requirement = {
				kind = upToNextMajorVersion;
				minimumVersion = 1.2.0;
			};
		};
/* End XCRemoteSwiftPackageReference section */

/* Begin XCSwiftPackageProductDependency section */
		7AB7D4382AC34132002D86F2 /* ComposableArchitecture */ = {
			isa = XCSwiftPackageProductDependency;
			package = 7AB7D4372AC34132002D86F2 /* XCRemoteSwiftPackageReference "swift-composable-architecture" */;
			productName = ComposableArchitecture;
		};
/* End XCSwiftPackageProductDependency section */
	};
	rootObject = 7AB7D3FB2AC33FF2002D86F2 /* Project object */;
}
